lockfileVersion: '6.0'

settings:
  autoInstallPeers: true
  excludeLinksFromLockfile: false

dependencies:
  html-to-image:
    specifier: ^1.11.11
    version: 1.11.11
  html2canvas:
    specifier: ^1.4.1
    version: 1.4.1
  html2pdf.js:
    specifier: ^0.10.2
    version: 0.10.2
  jspdf:
    specifier: ^2.5.2
    version: 2.5.2
  tippy.js:
    specifier: ^6.3.7
    version: 6.3.7

devDependencies:
  '@types/node':
    specifier: ^22.9.0
    version: 22.9.0
  typescript:
    specifier: ^5.5.3
    version: 5.6.3
  vite:
    specifier: ^5.4.8
    version: 5.4.10(@types/node@22.9.0)

packages:

  /@babel/runtime@7.26.0:
    resolution: {integrity: sha1-hgDC9ZXyd8YIFSVkGLhTVqZRc8E=, tarball: http://r.npm.sankuai.com/@babel/runtime/download/@babel/runtime-7.26.0.tgz}
    engines: {node: '>=6.9.0'}
    dependencies:
      regenerator-runtime: 0.14.1
    dev: false

  /@esbuild/aix-ppc64@0.21.5:
    resolution: {integrity: sha1-xxhKMmUz/N8bjuBzPiHHE7l1V18=, tarball: http://r.npm.sankuai.com/@esbuild/aix-ppc64/download/@esbuild/aix-ppc64-0.21.5.tgz}
    engines: {node: '>=12'}
    cpu: [ppc64]
    os: [aix]
    requiresBuild: true
    dev: true
    optional: true

  /@esbuild/android-arm64@0.21.5:
    resolution: {integrity: sha1-Cdm0NXeA2p6jp9+4M6Hx/0ObQFI=, tarball: http://r.npm.sankuai.com/@esbuild/android-arm64/download/@esbuild/android-arm64-0.21.5.tgz}
    engines: {node: '>=12'}
    cpu: [arm64]
    os: [android]
    requiresBuild: true
    dev: true
    optional: true

  /@esbuild/android-arm@0.21.5:
    resolution: {integrity: sha1-mwQ4T7dxkm36bXrQQyTssqubLig=, tarball: http://r.npm.sankuai.com/@esbuild/android-arm/download/@esbuild/android-arm-0.21.5.tgz}
    engines: {node: '>=12'}
    cpu: [arm]
    os: [android]
    requiresBuild: true
    dev: true
    optional: true

  /@esbuild/android-x64@0.21.5:
    resolution: {integrity: sha1-KZGOwtt1TO3LbBsE3ozWVHr2Rh4=, tarball: http://r.npm.sankuai.com/@esbuild/android-x64/download/@esbuild/android-x64-0.21.5.tgz}
    engines: {node: '>=12'}
    cpu: [x64]
    os: [android]
    requiresBuild: true
    dev: true
    optional: true

  /@esbuild/darwin-arm64@0.21.5:
    resolution: {integrity: sha1-5JW1OWYOUWkPOSivUKdvsKbM/yo=, tarball: http://r.npm.sankuai.com/@esbuild/darwin-arm64/download/@esbuild/darwin-arm64-0.21.5.tgz}
    engines: {node: '>=12'}
    cpu: [arm64]
    os: [darwin]
    requiresBuild: true
    dev: true
    optional: true

  /@esbuild/darwin-x64@0.21.5:
    resolution: {integrity: sha1-wTg4+lc3KDmr3dyR1xVCzuouHiI=, tarball: http://r.npm.sankuai.com/@esbuild/darwin-x64/download/@esbuild/darwin-x64-0.21.5.tgz}
    engines: {node: '>=12'}
    cpu: [x64]
    os: [darwin]
    requiresBuild: true
    dev: true
    optional: true

  /@esbuild/freebsd-arm64@0.21.5:
    resolution: {integrity: sha1-ZGuYmqIL+J/Qcd1dv61po1QuVQ4=, tarball: http://r.npm.sankuai.com/@esbuild/freebsd-arm64/download/@esbuild/freebsd-arm64-0.21.5.tgz}
    engines: {node: '>=12'}
    cpu: [arm64]
    os: [freebsd]
    requiresBuild: true
    dev: true
    optional: true

  /@esbuild/freebsd-x64@0.21.5:
    resolution: {integrity: sha1-qmFc/ICvlU00WJBuOMoiwYz1wmE=, tarball: http://r.npm.sankuai.com/@esbuild/freebsd-x64/download/@esbuild/freebsd-x64-0.21.5.tgz}
    engines: {node: '>=12'}
    cpu: [x64]
    os: [freebsd]
    requiresBuild: true
    dev: true
    optional: true

  /@esbuild/linux-arm64@0.21.5:
    resolution: {integrity: sha1-cKxvoU9ct+H3+Ie8/7aArQmSK1s=, tarball: http://r.npm.sankuai.com/@esbuild/linux-arm64/download/@esbuild/linux-arm64-0.21.5.tgz}
    engines: {node: '>=12'}
    cpu: [arm64]
    os: [linux]
    requiresBuild: true
    dev: true
    optional: true

  /@esbuild/linux-arm@0.21.5:
    resolution: {integrity: sha1-/G/RGorKVsH284lPK+oEefj2Jrk=, tarball: http://r.npm.sankuai.com/@esbuild/linux-arm/download/@esbuild/linux-arm-0.21.5.tgz}
    engines: {node: '>=12'}
    cpu: [arm]
    os: [linux]
    requiresBuild: true
    dev: true
    optional: true

  /@esbuild/linux-ia32@0.21.5:
    resolution: {integrity: sha1-MnH1Oz+T49CT1RjRZJ1taNNG7eI=, tarball: http://r.npm.sankuai.com/@esbuild/linux-ia32/download/@esbuild/linux-ia32-0.21.5.tgz}
    engines: {node: '>=12'}
    cpu: [ia32]
    os: [linux]
    requiresBuild: true
    dev: true
    optional: true

  /@esbuild/linux-loong64@0.21.5:
    resolution: {integrity: sha1-7WLgQjjFcCauqDHFoTC3PA+fJt8=, tarball: http://r.npm.sankuai.com/@esbuild/linux-loong64/download/@esbuild/linux-loong64-0.21.5.tgz}
    engines: {node: '>=12'}
    cpu: [loong64]
    os: [linux]
    requiresBuild: true
    dev: true
    optional: true

  /@esbuild/linux-mips64el@0.21.5:
    resolution: {integrity: sha1-55uOtIvzsQb63sGsgkD7l7TmTL4=, tarball: http://r.npm.sankuai.com/@esbuild/linux-mips64el/download/@esbuild/linux-mips64el-0.21.5.tgz}
    engines: {node: '>=12'}
    cpu: [mips64el]
    os: [linux]
    requiresBuild: true
    dev: true
    optional: true

  /@esbuild/linux-ppc64@0.21.5:
    resolution: {integrity: sha1-XyIDhgoUO5kZ04PvdXNSH7FUw+Q=, tarball: http://r.npm.sankuai.com/@esbuild/linux-ppc64/download/@esbuild/linux-ppc64-0.21.5.tgz}
    engines: {node: '>=12'}
    cpu: [ppc64]
    os: [linux]
    requiresBuild: true
    dev: true
    optional: true

  /@esbuild/linux-riscv64@0.21.5:
    resolution: {integrity: sha1-B7yv2ZMi1a9i9hjLnmqbf0u4Jdw=, tarball: http://r.npm.sankuai.com/@esbuild/linux-riscv64/download/@esbuild/linux-riscv64-0.21.5.tgz}
    engines: {node: '>=12'}
    cpu: [riscv64]
    os: [linux]
    requiresBuild: true
    dev: true
    optional: true

  /@esbuild/linux-s390x@0.21.5:
    resolution: {integrity: sha1-t8z2hnUdaj5EuGJ6uryL4+9i2N4=, tarball: http://r.npm.sankuai.com/@esbuild/linux-s390x/download/@esbuild/linux-s390x-0.21.5.tgz}
    engines: {node: '>=12'}
    cpu: [s390x]
    os: [linux]
    requiresBuild: true
    dev: true
    optional: true

  /@esbuild/linux-x64@0.21.5:
    resolution: {integrity: sha1-bY8Mdo4HDmQwmvgAS7lOaKsrs7A=, tarball: http://r.npm.sankuai.com/@esbuild/linux-x64/download/@esbuild/linux-x64-0.21.5.tgz}
    engines: {node: '>=12'}
    cpu: [x64]
    os: [linux]
    requiresBuild: true
    dev: true
    optional: true

  /@esbuild/netbsd-x64@0.21.5:
    resolution: {integrity: sha1-u+Qw9g03jsuI3sshnGAmZzh6YEc=, tarball: http://r.npm.sankuai.com/@esbuild/netbsd-x64/download/@esbuild/netbsd-x64-0.21.5.tgz}
    engines: {node: '>=12'}
    cpu: [x64]
    os: [netbsd]
    requiresBuild: true
    dev: true
    optional: true

  /@esbuild/openbsd-x64@0.21.5:
    resolution: {integrity: sha1-mdHPKTcnlWDSEEgh9czOIgyyr3A=, tarball: http://r.npm.sankuai.com/@esbuild/openbsd-x64/download/@esbuild/openbsd-x64-0.21.5.tgz}
    engines: {node: '>=12'}
    cpu: [x64]
    os: [openbsd]
    requiresBuild: true
    dev: true
    optional: true

  /@esbuild/sunos-x64@0.21.5:
    resolution: {integrity: sha1-CHQVEsENUpVmurqDe0/gUsjzSHs=, tarball: http://r.npm.sankuai.com/@esbuild/sunos-x64/download/@esbuild/sunos-x64-0.21.5.tgz}
    engines: {node: '>=12'}
    cpu: [x64]
    os: [sunos]
    requiresBuild: true
    dev: true
    optional: true

  /@esbuild/win32-arm64@0.21.5:
    resolution: {integrity: sha1-Z1tzhTmEESQHNQFhRKsumaYPx10=, tarball: http://r.npm.sankuai.com/@esbuild/win32-arm64/download/@esbuild/win32-arm64-0.21.5.tgz}
    engines: {node: '>=12'}
    cpu: [arm64]
    os: [win32]
    requiresBuild: true
    dev: true
    optional: true

  /@esbuild/win32-ia32@0.21.5:
    resolution: {integrity: sha1-G/w86YqmypoJaeTSr3IUTFnBGTs=, tarball: http://r.npm.sankuai.com/@esbuild/win32-ia32/download/@esbuild/win32-ia32-0.21.5.tgz}
    engines: {node: '>=12'}
    cpu: [ia32]
    os: [win32]
    requiresBuild: true
    dev: true
    optional: true

  /@esbuild/win32-x64@0.21.5:
    resolution: {integrity: sha1-rK01HVgtFXuxRVNdsqb/U91RS1w=, tarball: http://r.npm.sankuai.com/@esbuild/win32-x64/download/@esbuild/win32-x64-0.21.5.tgz}
    engines: {node: '>=12'}
    cpu: [x64]
    os: [win32]
    requiresBuild: true
    dev: true
    optional: true

  /@popperjs/core@2.11.8:
    resolution: {integrity: sha1-a3kDLnYKCJnNQgRxC+7elyo6GF8=, tarball: http://r.npm.sankuai.com/@popperjs/core/download/@popperjs/core-2.11.8.tgz}
    dev: false

  /@rollup/rollup-android-arm-eabi@4.24.4:
    resolution: {integrity: sha1-xGC1TFDULyf4JUxDWk87PgGRC8g=, tarball: http://r.npm.sankuai.com/@rollup/rollup-android-arm-eabi/download/@rollup/rollup-android-arm-eabi-4.24.4.tgz}
    cpu: [arm]
    os: [android]
    requiresBuild: true
    dev: true
    optional: true

  /@rollup/rollup-android-arm64@4.24.4:
    resolution: {integrity: sha1-luAfOgRnXY1Zc6uNP9a8O+IfpeE=, tarball: http://r.npm.sankuai.com/@rollup/rollup-android-arm64/download/@rollup/rollup-android-arm64-4.24.4.tgz}
    cpu: [arm64]
    os: [android]
    requiresBuild: true
    dev: true
    optional: true

  /@rollup/rollup-darwin-arm64@4.24.4:
    resolution: {integrity: sha1-my7COxe0fLsvdxuB+G7eOsZzC84=, tarball: http://r.npm.sankuai.com/@rollup/rollup-darwin-arm64/download/@rollup/rollup-darwin-arm64-4.24.4.tgz}
    cpu: [arm64]
    os: [darwin]
    requiresBuild: true
    dev: true
    optional: true

  /@rollup/rollup-darwin-x64@4.24.4:
    resolution: {integrity: sha1-8w5O5pKeBIGQzxDg2qjorgNbbkY=, tarball: http://r.npm.sankuai.com/@rollup/rollup-darwin-x64/download/@rollup/rollup-darwin-x64-4.24.4.tgz}
    cpu: [x64]
    os: [darwin]
    requiresBuild: true
    dev: true
    optional: true

  /@rollup/rollup-freebsd-arm64@4.24.4:
    resolution: {integrity: sha1-xUsjc+xbz3HwjEUZx66AoLbI4Ds=, tarball: http://r.npm.sankuai.com/@rollup/rollup-freebsd-arm64/download/@rollup/rollup-freebsd-arm64-4.24.4.tgz}
    cpu: [arm64]
    os: [freebsd]
    requiresBuild: true
    dev: true
    optional: true

  /@rollup/rollup-freebsd-x64@4.24.4:
    resolution: {integrity: sha1-O8U6op1aNMKLqOAN73aqYSNoRY4=, tarball: http://r.npm.sankuai.com/@rollup/rollup-freebsd-x64/download/@rollup/rollup-freebsd-x64-4.24.4.tgz}
    cpu: [x64]
    os: [freebsd]
    requiresBuild: true
    dev: true
    optional: true

  /@rollup/rollup-linux-arm-gnueabihf@4.24.4:
    resolution: {integrity: sha1-yFrt0XEMniZ+6GttHONV7PfZ6Nk=, tarball: http://r.npm.sankuai.com/@rollup/rollup-linux-arm-gnueabihf/download/@rollup/rollup-linux-arm-gnueabihf-4.24.4.tgz}
    cpu: [arm]
    os: [linux]
    libc: [glibc]
    requiresBuild: true
    dev: true
    optional: true

  /@rollup/rollup-linux-arm-musleabihf@4.24.4:
    resolution: {integrity: sha1-53MTQIvxOZWuzeKBrsDM6wh0fkI=, tarball: http://r.npm.sankuai.com/@rollup/rollup-linux-arm-musleabihf/download/@rollup/rollup-linux-arm-musleabihf-4.24.4.tgz}
    cpu: [arm]
    os: [linux]
    libc: [musl]
    requiresBuild: true
    dev: true
    optional: true

  /@rollup/rollup-linux-arm64-gnu@4.24.4:
    resolution: {integrity: sha1-Yz9jI5ezZiEIz6oavKKoC4X1EQI=, tarball: http://r.npm.sankuai.com/@rollup/rollup-linux-arm64-gnu/download/@rollup/rollup-linux-arm64-gnu-4.24.4.tgz}
    cpu: [arm64]
    os: [linux]
    libc: [glibc]
    requiresBuild: true
    dev: true
    optional: true

  /@rollup/rollup-linux-arm64-musl@4.24.4:
    resolution: {integrity: sha1-Y+3XKynEzO2T4WETpo4b6f74iQc=, tarball: http://r.npm.sankuai.com/@rollup/rollup-linux-arm64-musl/download/@rollup/rollup-linux-arm64-musl-4.24.4.tgz}
    cpu: [arm64]
    os: [linux]
    libc: [musl]
    requiresBuild: true
    dev: true
    optional: true

  /@rollup/rollup-linux-powerpc64le-gnu@4.24.4:
    resolution: {integrity: sha1-qUGKQXPfgISMDUffBCagvxg8TnU=, tarball: http://r.npm.sankuai.com/@rollup/rollup-linux-powerpc64le-gnu/download/@rollup/rollup-linux-powerpc64le-gnu-4.24.4.tgz}
    cpu: [ppc64]
    os: [linux]
    libc: [glibc]
    requiresBuild: true
    dev: true
    optional: true

  /@rollup/rollup-linux-riscv64-gnu@4.24.4:
    resolution: {integrity: sha1-vJwZXbA2on5eMzmwL1FSa0zh6Yg=, tarball: http://r.npm.sankuai.com/@rollup/rollup-linux-riscv64-gnu/download/@rollup/rollup-linux-riscv64-gnu-4.24.4.tgz}
    cpu: [riscv64]
    os: [linux]
    libc: [glibc]
    requiresBuild: true
    dev: true
    optional: true

  /@rollup/rollup-linux-s390x-gnu@4.24.4:
    resolution: {integrity: sha1-FlH9+BRK6JMmwB2l1SxgvmPnGoI=, tarball: http://r.npm.sankuai.com/@rollup/rollup-linux-s390x-gnu/download/@rollup/rollup-linux-s390x-gnu-4.24.4.tgz}
    cpu: [s390x]
    os: [linux]
    libc: [glibc]
    requiresBuild: true
    dev: true
    optional: true

  /@rollup/rollup-linux-x64-gnu@4.24.4:
    resolution: {integrity: sha1-5HPeXkrLlfz5MKNcu30+gIDlem8=, tarball: http://r.npm.sankuai.com/@rollup/rollup-linux-x64-gnu/download/@rollup/rollup-linux-x64-gnu-4.24.4.tgz}
    cpu: [x64]
    os: [linux]
    libc: [glibc]
    requiresBuild: true
    dev: true
    optional: true

  /@rollup/rollup-linux-x64-musl@4.24.4:
    resolution: {integrity: sha1-CvEt0leMKa9AN/DINLQyFCndWwE=, tarball: http://r.npm.sankuai.com/@rollup/rollup-linux-x64-musl/download/@rollup/rollup-linux-x64-musl-4.24.4.tgz}
    cpu: [x64]
    os: [linux]
    libc: [musl]
    requiresBuild: true
    dev: true
    optional: true

  /@rollup/rollup-win32-arm64-msvc@4.24.4:
    resolution: {integrity: sha1-5I54zdRTE7l3wTkPS/3nq3m+iHE=, tarball: http://r.npm.sankuai.com/@rollup/rollup-win32-arm64-msvc/download/@rollup/rollup-win32-arm64-msvc-4.24.4.tgz}
    cpu: [arm64]
    os: [win32]
    requiresBuild: true
    dev: true
    optional: true

  /@rollup/rollup-win32-ia32-msvc@4.24.4:
    resolution: {integrity: sha1-o/yFNtJD/hYceWrLk+ukPCUPMRw=, tarball: http://r.npm.sankuai.com/@rollup/rollup-win32-ia32-msvc/download/@rollup/rollup-win32-ia32-msvc-4.24.4.tgz}
    cpu: [ia32]
    os: [win32]
    requiresBuild: true
    dev: true
    optional: true

  /@rollup/rollup-win32-x64-msvc@4.24.4:
    resolution: {integrity: sha1-4qnR/VZSQQOmzIpUQE2dPrxzxFQ=, tarball: http://r.npm.sankuai.com/@rollup/rollup-win32-x64-msvc/download/@rollup/rollup-win32-x64-msvc-4.24.4.tgz}
    cpu: [x64]
    os: [win32]
    requiresBuild: true
    dev: true
    optional: true

  /@types/estree@1.0.6:
    resolution: {integrity: sha1-Yo7/7q4gZKG055946B2Ht+X8e1A=, tarball: http://r.npm.sankuai.com/@types/estree/download/@types/estree-1.0.6.tgz}
    dev: true

  /@types/node@22.9.0:
    resolution: {integrity: sha1-t/FuXDOEeIVCxy3D1WGnzq4sA2U=, tarball: http://r.npm.sankuai.com/@types/node/download/@types/node-22.9.0.tgz}
    dependencies:
      undici-types: 6.19.8
    dev: true

  /@types/raf@3.4.3:
    resolution: {integrity: sha1-hfHR0XVpsouNtF4W6ZZAelawqwQ=, tarball: http://r.npm.sankuai.com/@types/raf/download/@types/raf-3.4.3.tgz}
    requiresBuild: true
    dev: false
    optional: true

  /atob@2.1.2:
    resolution: {integrity: sha1-bZUX654DDSQ2ZmZR6GvZ9vE1M8k=, tarball: http://r.npm.sankuai.com/atob/download/atob-2.1.2.tgz}
    engines: {node: '>= 4.5.0'}
    hasBin: true
    dev: false

  /base64-arraybuffer@1.0.2:
    resolution: {integrity: sha1-HDdYmnxLB0bjS9H+uVHaLfAcG9w=, tarball: http://r.npm.sankuai.com/base64-arraybuffer/download/base64-arraybuffer-1.0.2.tgz}
    engines: {node: '>= 0.6.0'}
    dev: false

  /btoa@1.2.1:
    resolution: {integrity: sha1-AamQn4ssk/a/aAuiYTHrMPf6PXM=, tarball: http://r.npm.sankuai.com/btoa/download/btoa-1.2.1.tgz}
    engines: {node: '>= 0.4.0'}
    hasBin: true
    dev: false

  /canvg@3.0.10:
    resolution: {integrity: sha1-jlKi0Ii2/6I6x4lwsqnuv64O9LM=, tarball: http://r.npm.sankuai.com/canvg/download/canvg-3.0.10.tgz}
    engines: {node: '>=10.0.0'}
    requiresBuild: true
    dependencies:
      '@babel/runtime': 7.26.0
      '@types/raf': 3.4.3
      core-js: 3.39.0
      raf: 3.4.1
      regenerator-runtime: 0.13.11
      rgbcolor: 1.0.1
      stackblur-canvas: 2.7.0
      svg-pathdata: 6.0.3
    dev: false
    optional: true

  /core-js@3.39.0:
    resolution: {integrity: sha1-V/dkf00tAwwypy6iOgVVsuqjD4M=, tarball: http://r.npm.sankuai.com/core-js/download/core-js-3.39.0.tgz}
    requiresBuild: true
    dev: false
    optional: true

  /css-line-break@2.1.0:
    resolution: {integrity: sha1-v+9mDfpvU5fqVBFrs8tIc+28T6A=, tarball: http://r.npm.sankuai.com/css-line-break/download/css-line-break-2.1.0.tgz}
    dependencies:
      utrie: 1.0.2
    dev: false

  /dompurify@2.5.7:
    resolution: {integrity: sha1-bg02uRd9tamfGK3h8oV521q4Odc=, tarball: http://r.npm.sankuai.com/dompurify/download/dompurify-2.5.7.tgz}
    requiresBuild: true
    dev: false
    optional: true

  /es6-promise@4.2.8:
    resolution: {integrity: sha1-TrIVlMlyvEBVPSduUQU5FD21Pgo=, tarball: http://r.npm.sankuai.com/es6-promise/download/es6-promise-4.2.8.tgz}
    dev: false

  /esbuild@0.21.5:
    resolution: {integrity: sha1-nKMBsSCSKVm3ZjYNisgw2g0CmX0=, tarball: http://r.npm.sankuai.com/esbuild/download/esbuild-0.21.5.tgz}
    engines: {node: '>=12'}
    hasBin: true
    requiresBuild: true
    optionalDependencies:
      '@esbuild/aix-ppc64': 0.21.5
      '@esbuild/android-arm': 0.21.5
      '@esbuild/android-arm64': 0.21.5
      '@esbuild/android-x64': 0.21.5
      '@esbuild/darwin-arm64': 0.21.5
      '@esbuild/darwin-x64': 0.21.5
      '@esbuild/freebsd-arm64': 0.21.5
      '@esbuild/freebsd-x64': 0.21.5
      '@esbuild/linux-arm': 0.21.5
      '@esbuild/linux-arm64': 0.21.5
      '@esbuild/linux-ia32': 0.21.5
      '@esbuild/linux-loong64': 0.21.5
      '@esbuild/linux-mips64el': 0.21.5
      '@esbuild/linux-ppc64': 0.21.5
      '@esbuild/linux-riscv64': 0.21.5
      '@esbuild/linux-s390x': 0.21.5
      '@esbuild/linux-x64': 0.21.5
      '@esbuild/netbsd-x64': 0.21.5
      '@esbuild/openbsd-x64': 0.21.5
      '@esbuild/sunos-x64': 0.21.5
      '@esbuild/win32-arm64': 0.21.5
      '@esbuild/win32-ia32': 0.21.5
      '@esbuild/win32-x64': 0.21.5
    dev: true

  /fflate@0.8.2:
    resolution: {integrity: sha1-/IYx9TR4Eq1gKLvkojCLJ5KqHeo=, tarball: http://r.npm.sankuai.com/fflate/download/fflate-0.8.2.tgz}
    dev: false

  /fsevents@2.3.3:
    resolution: {integrity: sha1-ysZAd4XQNnWipeGlMFxpezR9kNY=, tarball: http://r.npm.sankuai.com/fsevents/download/fsevents-2.3.3.tgz}
    engines: {node: ^8.16.0 || ^10.6.0 || >=11.0.0}
    os: [darwin]
    requiresBuild: true
    dev: true
    optional: true

  /html-to-image@1.11.11:
    resolution: {integrity: sha1-wPijTcnkuXuT/36ihuuFYmQuu+o=, tarball: http://r.npm.sankuai.com/html-to-image/download/html-to-image-1.11.11.tgz}
    dev: false

  /html2canvas@1.4.1:
    resolution: {integrity: sha1-fO8YiDEbUBHVB3lKBmBBsUZppUM=, tarball: http://r.npm.sankuai.com/html2canvas/download/html2canvas-1.4.1.tgz}
    engines: {node: '>=8.0.0'}
    dependencies:
      css-line-break: 2.1.0
      text-segmentation: 1.0.3
    dev: false

  /html2pdf.js@0.10.2:
    resolution: {integrity: sha1-KcDkzr8sveTtDC6Ku5juysIv9m8=, tarball: http://r.npm.sankuai.com/html2pdf.js/download/html2pdf.js-0.10.2.tgz}
    dependencies:
      es6-promise: 4.2.8
      html2canvas: 1.4.1
      jspdf: 2.5.2
    dev: false

  /jspdf@2.5.2:
    resolution: {integrity: sha1-PDW7EGPuOtlCjmNThSsNaF0fkjo=, tarball: http://r.npm.sankuai.com/jspdf/download/jspdf-2.5.2.tgz}
    dependencies:
      '@babel/runtime': 7.26.0
      atob: 2.1.2
      btoa: 1.2.1
      fflate: 0.8.2
    optionalDependencies:
      canvg: 3.0.10
      core-js: 3.39.0
      dompurify: 2.5.7
      html2canvas: 1.4.1
    dev: false

  /nanoid@3.3.7:
    resolution: {integrity: sha1-0MMBppG8jVTvoKIibM8/4v1la9g=, tarball: http://r.npm.sankuai.com/nanoid/download/nanoid-3.3.7.tgz}
    engines: {node: ^10 || ^12 || ^13.7 || ^14 || >=15.0.1}
    hasBin: true
    dev: true

  /performance-now@2.1.0:
    resolution: {integrity: sha1-Ywn04OX6kT7BxpMHrjZLSzd8nns=, tarball: http://r.npm.sankuai.com/performance-now/download/performance-now-2.1.0.tgz}
    requiresBuild: true
    dev: false
    optional: true

  /picocolors@1.1.1:
    resolution: {integrity: sha1-PTIa8+q5ObCDyPkpodEs2oHCa2s=, tarball: http://r.npm.sankuai.com/picocolors/download/picocolors-1.1.1.tgz}
    dev: true

  /postcss@8.4.47:
    resolution: {integrity: sha1-W/bJoBDz5yTFA78D73lH3LD+o2U=, tarball: http://r.npm.sankuai.com/postcss/download/postcss-8.4.47.tgz}
    engines: {node: ^10 || ^12 || >=14}
    dependencies:
      nanoid: 3.3.7
      picocolors: 1.1.1
      source-map-js: 1.2.1
    dev: true

  /raf@3.4.1:
    resolution: {integrity: sha1-B0LpmkplUvRF1z4+4DKK8P8e3jk=, tarball: http://r.npm.sankuai.com/raf/download/raf-3.4.1.tgz}
    requiresBuild: true
    dependencies:
      performance-now: 2.1.0
    dev: false
    optional: true

  /regenerator-runtime@0.13.11:
    resolution: {integrity: sha1-9tyj587sIFkNB62nhWNqkM3KF/k=, tarball: http://r.npm.sankuai.com/regenerator-runtime/download/regenerator-runtime-0.13.11.tgz}
    requiresBuild: true
    dev: false
    optional: true

  /regenerator-runtime@0.14.1:
    resolution: {integrity: sha1-NWreECY/aF3aElEAzYYsHbiVMn8=, tarball: http://r.npm.sankuai.com/regenerator-runtime/download/regenerator-runtime-0.14.1.tgz}
    dev: false

  /rgbcolor@1.0.1:
    resolution: {integrity: sha1-1lBezbMEplldom+ktDMHMGd1lF0=, tarball: http://r.npm.sankuai.com/rgbcolor/download/rgbcolor-1.0.1.tgz}
    engines: {node: '>= 0.8.15'}
    requiresBuild: true
    dev: false
    optional: true

  /rollup@4.24.4:
    resolution: {integrity: sha1-/cdpGN4CITyVRHyf//XjXd2x0Fg=, tarball: http://r.npm.sankuai.com/rollup/download/rollup-4.24.4.tgz}
    engines: {node: '>=18.0.0', npm: '>=8.0.0'}
    hasBin: true
    dependencies:
      '@types/estree': 1.0.6
    optionalDependencies:
      '@rollup/rollup-android-arm-eabi': 4.24.4
      '@rollup/rollup-android-arm64': 4.24.4
      '@rollup/rollup-darwin-arm64': 4.24.4
      '@rollup/rollup-darwin-x64': 4.24.4
      '@rollup/rollup-freebsd-arm64': 4.24.4
      '@rollup/rollup-freebsd-x64': 4.24.4
      '@rollup/rollup-linux-arm-gnueabihf': 4.24.4
      '@rollup/rollup-linux-arm-musleabihf': 4.24.4
      '@rollup/rollup-linux-arm64-gnu': 4.24.4
      '@rollup/rollup-linux-arm64-musl': 4.24.4
      '@rollup/rollup-linux-powerpc64le-gnu': 4.24.4
      '@rollup/rollup-linux-riscv64-gnu': 4.24.4
      '@rollup/rollup-linux-s390x-gnu': 4.24.4
      '@rollup/rollup-linux-x64-gnu': 4.24.4
      '@rollup/rollup-linux-x64-musl': 4.24.4
      '@rollup/rollup-win32-arm64-msvc': 4.24.4
      '@rollup/rollup-win32-ia32-msvc': 4.24.4
      '@rollup/rollup-win32-x64-msvc': 4.24.4
      fsevents: 2.3.3
    dev: true

  /source-map-js@1.2.1:
    resolution: {integrity: sha1-HOVlD93YerwJnto33P8CTCZnrkY=, tarball: http://r.npm.sankuai.com/source-map-js/download/source-map-js-1.2.1.tgz}
    engines: {node: '>=0.10.0'}
    dev: true

  /stackblur-canvas@2.7.0:
    resolution: {integrity: sha1-r5MSd9C1CW31Xh+RxTAEPgZpibY=, tarball: http://r.npm.sankuai.com/stackblur-canvas/download/stackblur-canvas-2.7.0.tgz}
    engines: {node: '>=0.1.14'}
    requiresBuild: true
    dev: false
    optional: true

  /svg-pathdata@6.0.3:
    resolution: {integrity: sha1-gLDgKDtlLMuvtprU+Pc+jT+/LKw=, tarball: http://r.npm.sankuai.com/svg-pathdata/download/svg-pathdata-6.0.3.tgz}
    engines: {node: '>=12.0.0'}
    requiresBuild: true
    dev: false
    optional: true

  /text-segmentation@1.0.3:
    resolution: {integrity: sha1-UqOIFZ7//nRrJKY7oxG2rJ8teUM=, tarball: http://r.npm.sankuai.com/text-segmentation/download/text-segmentation-1.0.3.tgz}
    dependencies:
      utrie: 1.0.2
    dev: false

  /tippy.js@6.3.7:
    resolution: {integrity: sha1-jM+2UdZCAQ7Zoy/ymw6eGcW4xhw=, tarball: http://r.npm.sankuai.com/tippy.js/download/tippy.js-6.3.7.tgz}
    dependencies:
      '@popperjs/core': 2.11.8
    dev: false

  /typescript@5.6.3:
    resolution: {integrity: sha1-XzRJ4xydlP67F94DzAgd1W2B21s=, tarball: http://r.npm.sankuai.com/typescript/download/typescript-5.6.3.tgz}
    engines: {node: '>=14.17'}
    hasBin: true
    dev: true

  /undici-types@6.19.8:
    resolution: {integrity: sha1-NREcnRQ3q4OnzcCrri8m2I7aCgI=, tarball: http://r.npm.sankuai.com/undici-types/download/undici-types-6.19.8.tgz}
    dev: true

  /utrie@1.0.2:
    resolution: {integrity: sha1-1C/kTem8ARnCXef1ZKbtGyyHpkU=, tarball: http://r.npm.sankuai.com/utrie/download/utrie-1.0.2.tgz}
    dependencies:
      base64-arraybuffer: 1.0.2
    dev: false

  /vite@5.4.10(@types/node@22.9.0):
    resolution: {integrity: sha1-01invYvtps8PO3pFCox2k6T4DBg=, tarball: http://r.npm.sankuai.com/vite/download/vite-5.4.10.tgz}
    engines: {node: ^18.0.0 || >=20.0.0}
    hasBin: true
    peerDependencies:
      '@types/node': ^18.0.0 || >=20.0.0
      less: '*'
      lightningcss: ^1.21.0
      sass: '*'
      sass-embedded: '*'
      stylus: '*'
      sugarss: '*'
      terser: ^5.4.0
    peerDependenciesMeta:
      '@types/node':
        optional: true
      less:
        optional: true
      lightningcss:
        optional: true
      sass:
        optional: true
      sass-embedded:
        optional: true
      stylus:
        optional: true
      sugarss:
        optional: true
      terser:
        optional: true
    dependencies:
      '@types/node': 22.9.0
      esbuild: 0.21.5
      postcss: 8.4.47
      rollup: 4.24.4
    optionalDependencies:
      fsevents: 2.3.3
    dev: true
